# This file is automatically @generated by Cargo.
# It is not intended for manual editing.
version = 3

[[package]]
name = "linguini-analyzer"
version = "0.1.0"

[[package]]
name = "linguini-cldr"
version = "0.1.0"

[[package]]
name = "linguini-cli"
version = "0.1.0"
dependencies = [
 "linguini-config",
]

[[package]]
name = "linguini-codegen-js"
version = "0.1.0"

[[package]]
name = "linguini-codegen-rust"
version = "0.1.0"

[[package]]
name = "linguini-codegen-ts"
version = "0.1.0"

[[package]]
name = "linguini-config"
version = "0.1.0"

[[package]]
name = "linguini-format"
version = "0.1.0"

[[package]]
name = "linguini-ir"
version = "0.1.0"

[[package]]
name = "linguini-locale"
version = "0.1.0"

[[package]]
name = "linguini-lsp"
version = "0.1.0"

[[package]]
name = "linguini-package"
version = "0.1.0"

[[package]]
name = "linguini-schema"
version = "0.1.0"

[[package]]
name = "linguini-syntax"
version = "0.1.0"

[[package]]
name = "linguini-test-support"
version = "0.1.0"
